
Microsoft Visual Studio Solution File, Format Version 12.00
# Visual Studio Version 17
VisualStudioVersion = 17.8.34330.188
MinimumVisualStudioVersion = 10.0.40219.1
Project("{9A19103F-16F7-4668-BE54-9A1E7A4F7556}") = "TiendaServices", "TiendaServices.csproj", "{5730E0F1-13A0-4B21-92A0-A25518346CD9}"
EndProject
Global
	GlobalSection(SolutionConfigurationPlatforms) = preSolution
		Debug|Any CPU = Debug|Any CPU
		Release|Any CPU = Release|Any CPU
	EndGlobalSection
	GlobalSection(ProjectConfigurationPlatforms) = postSolution
		{5730E0F1-13A0-4B21-92A0-A25518346CD9}.Debug|Any CPU.ActiveCfg = Debug|Any CPU
		{5730E0F1-13A0-4B21-92A0-A25518346CD9}.Debug|Any CPU.Build.0 = Debug|Any CPU
		{5730E0F1-13A0-4B21-92A0-A25518346CD9}.Release|Any CPU.ActiveCfg = Release|Any CPU
		{5730E0F1-13A0-4B21-92A0-A25518346CD9}.Release|Any CPU.Build.0 = Release|Any CPU
	EndGlobalSection
	GlobalSection(SolutionProperties) = preSolution
		HideSolutionNode = FALSE
	EndGlobalSection
	GlobalSection(ExtensibilityGlobals) = postSolution
		SolutionGuid = {EFB33395-F413-412B-A46B-7723C173E8A9}
	EndGlobalSection
EndGlobal
